# This file is automatically @generated by Cargo.
# It is not intended for manual editing.
version = 4

# NOTE: Full lockfile could not be inlined in this automated step.
# Please run locally:
#   git checkout polars-dataframe-menu
#   cargo generate-lockfile
#   git add Cargo.lock && git commit -m "Regenerate Cargo.lock with polars" && git push
